{
  "nodes": {
    "naersk": {
      "inputs": {
        "nixpkgs": "nixpkgs"
      },
      "locked": {
        "lastModified": 1694081375,
        "narHash": "sha256-vzJXOUnmkMCm3xw8yfPP5m8kypQ3BhAIRe4RRCWpzy8=",
        "owner": "nix-community",
        "repo": "naersk",
        "rev": "3f976d822b7b37fc6fb8e6f157c2dd05e7e94e89",
        "type": "github"
      },
      "original": {
        "owner": "nix-community",
        "repo": "naersk",
        "type": "github"
      }
    },
    "nixpkgs": {
      "locked": {
        "lastModified": 1694062546,
        "narHash": "sha256-PiGI4f2BGnZcedP6slLjCLGLRLXPa9+ogGGgVPfGxys=",
        "owner": "NixOS",
        "repo": "nixpkgs",
        "rev": "b200e0df08f80c32974a6108ce431d8a8a5e6547",
        "type": "github"
      },
      "original": {
        "id": "nixpkgs",
        "type": "indirect"
      }
    },
    "nixpkgs_2": {
      "locked": {
        "lastModified": 1694288444,
        "narHash": "sha256-0iiR+ZYUhIkZJgdK8084NF4vKNaCk4TdP5MMH8d3LB0=",
        "owner": "nixos",
        "repo": "nixpkgs",
        "rev": "120e9de3a43e11ad365ca41e8e59365a7f9a420a",
        "type": "github"
      },
      "original": {
        "owner": "nixos",
        "repo": "nixpkgs",
        "type": "github"
      }
    },
    "root": {
      "inputs": {
        "naersk": "naersk",
        "nixpkgs": "nixpkgs_2"
      }
    }
  },
  "root": "root",
  "version": 7
}
